
Microsoft Visual Studio Solution File, Format Version 12.00
# Visual Studio Version 17
VisualStudioVersion = 17.0.32014.148
MinimumVisualStudioVersion = 10.0.40219.1
Project("{8BC9CEB8-8B4A-11D0-8D11-00A0C91BC942}") = "calib", "calib.vcxproj", "{0BA61D9A-7D94-4234-B5C5-2FEF4A209024}"
EndProject
Project("{54435603-DBB4-11D2-8724-00A0C9A8B90C}") = "INSTALL", "INSTALL\INSTALL.vdproj", "{6113C9C5-5693-4032-A1EC-943D162B86CF}"
EndProject
Global
	GlobalSection(SolutionConfigurationPlatforms) = preSolution
		Debug|Win32 = Debug|Win32
		Debug|x64 = Debug|x64
		Release|Win32 = Release|Win32
		Release|x64 = Release|x64
	EndGlobalSection
	GlobalSection(ProjectConfigurationPlatforms) = postSolution
		{0BA61D9A-7D94-4234-B5C5-2FEF4A209024}.Debug|Win32.ActiveCfg = Debug|Win32
		{0BA61D9A-7D94-4234-B5C5-2FEF4A209024}.Debug|Win32.Build.0 = Debug|Win32
		{0BA61D9A-7D94-4234-B5C5-2FEF4A209024}.Debug|x64.ActiveCfg = Debug|x64
		{0BA61D9A-7D94-4234-B5C5-2FEF4A209024}.Debug|x64.Build.0 = Debug|x64
		{0BA61D9A-7D94-4234-B5C5-2FEF4A209024}.Release|Win32.ActiveCfg = Release|Win32
		{0BA61D9A-7D94-4234-B5C5-2FEF4A209024}.Release|Win32.Build.0 = Release|Win32
		{0BA61D9A-7D94-4234-B5C5-2FEF4A209024}.Release|x64.ActiveCfg = Release|x64
		{0BA61D9A-7D94-4234-B5C5-2FEF4A209024}.Release|x64.Build.0 = Release|x64
		{6113C9C5-5693-4032-A1EC-943D162B86CF}.Debug|Win32.ActiveCfg = Debug
		{6113C9C5-5693-4032-A1EC-943D162B86CF}.Debug|x64.ActiveCfg = Debug
		{6113C9C5-5693-4032-A1EC-943D162B86CF}.Release|Win32.ActiveCfg = Release
		{6113C9C5-5693-4032-A1EC-943D162B86CF}.Release|x64.ActiveCfg = Release
	EndGlobalSection
	GlobalSection(SolutionProperties) = preSolution
		HideSolutionNode = FALSE
	EndGlobalSection
	GlobalSection(ExtensibilityGlobals) = postSolution
		SolutionGuid = {B5C27F4C-A9D8-49B4-A086-3903E882146A}
	EndGlobalSection
EndGlobal
