// !$*UTF8*$!
{
	archiveVersion = 1;
	classes = {
	};
	objectVersion = 54;
	objects = {

/* Begin PBXBuildFile section */
		7D0F506227C2493500AC6C8B /* OpenGL.framework in Frameworks */ = {isa = PBXBuildFile; fileRef = 7D0F506127C2493500AC6C8B /* OpenGL.framework */; };
		7D0F506427C2493E00AC6C8B /* IOKit.framework in Frameworks */ = {isa = PBXBuildFile; fileRef = 7D0F506327C2493E00AC6C8B /* IOKit.framework */; };
		7D0F506627C2494400AC6C8B /* Cocoa.framework in Frameworks */ = {isa = PBXBuildFile; fileRef = 7D0F506527C2494400AC6C8B /* Cocoa.framework */; };
		7D0F506827C2495100AC6C8B /* CoreVideo.framework in Frameworks */ = {isa = PBXBuildFile; fileRef = 7D0F506727C2495100AC6C8B /* CoreVideo.framework */; };
		7D1584DB27C140BB00CCF5DB /* Mplus1-Regular.ttf in Resources */ = {isa = PBXBuildFile; fileRef = 7D1584DA27C140BB00CCF5DB /* Mplus1-Regular.ttf */; };
		7D24C83814F8F3A700C23BB6 /* gg.cpp in Sources */ = {isa = PBXBuildFile; fileRef = 7D24C83614F8F3A700C23BB6 /* gg.cpp */; };
		7D27311B23EEE29600438307 /* gg.icns in Resources */ = {isa = PBXBuildFile; fileRef = 7D27311A23EEE29600438307 /* gg.icns */; };
		7D31814B27D713C9001E3CF5 /* libglfw3.a in Frameworks */ = {isa = PBXBuildFile; fileRef = 7D31810C27D713C8001E3CF5 /* libglfw3.a */; };
		7D7EF21327CE47DF0093461E /* Config.cpp in Sources */ = {isa = PBXBuildFile; fileRef = 7D7EF20A27CE47DE0093461E /* Config.cpp */; };
		7D7EF21427CE47DF0093461E /* Menu.cpp in Sources */ = {isa = PBXBuildFile; fileRef = 7D7EF20B27CE47DE0093461E /* Menu.cpp */; };
		7D7EF21527CE47DF0093461E /* calib_config.json in Resources */ = {isa = PBXBuildFile; fileRef = 7D7EF21227CE47DF0093461E /* calib_config.json */; };
		7D91359A27C0CDFB00396778 /* imgui_widgets.cpp in Sources */ = {isa = PBXBuildFile; fileRef = 7D91358727C0CDFA00396778 /* imgui_widgets.cpp */; };
		7D91359B27C0CDFB00396778 /* imgui_impl_opengl3.cpp in Sources */ = {isa = PBXBuildFile; fileRef = 7D91358827C0CDFA00396778 /* imgui_impl_opengl3.cpp */; };
		7D91359C27C0CDFB00396778 /* imgui_tables.cpp in Sources */ = {isa = PBXBuildFile; fileRef = 7D91358A27C0CDFA00396778 /* imgui_tables.cpp */; };
		7D91359D27C0CDFB00396778 /* imgui_draw.cpp in Sources */ = {isa = PBXBuildFile; fileRef = 7D91358B27C0CDFA00396778 /* imgui_draw.cpp */; };
		7D91359E27C0CDFB00396778 /* nfd_cocoa.m in Sources */ = {isa = PBXBuildFile; fileRef = 7D91358D27C0CDFA00396778 /* nfd_cocoa.m */; };
		7D91359F27C0CDFB00396778 /* imgui.cpp in Sources */ = {isa = PBXBuildFile; fileRef = 7D91358F27C0CDFA00396778 /* imgui.cpp */; };
		7D9135A027C0CDFB00396778 /* imgui_impl_glfw.cpp in Sources */ = {isa = PBXBuildFile; fileRef = 7D91359327C0CDFA00396778 /* imgui_impl_glfw.cpp */; };
		7D9EB31627D06515007F6D89 /* stereographic.vert in Resources */ = {isa = PBXBuildFile; fileRef = 7D9EB30E27D06515007F6D89 /* stereographic.vert */; };
		7D9EB31727D06515007F6D89 /* stereographic_up.vert in Resources */ = {isa = PBXBuildFile; fileRef = 7D9EB31027D06515007F6D89 /* stereographic_up.vert */; };
		7D9EB31827D06515007F6D89 /* theta.vert in Resources */ = {isa = PBXBuildFile; fileRef = 7D9EB31127D06515007F6D89 /* theta.vert */; };
		7D9EB31927D06515007F6D89 /* theta.frag in Resources */ = {isa = PBXBuildFile; fileRef = 7D9EB31227D06515007F6D89 /* theta.frag */; };
		7D9EB31B27D06515007F6D89 /* sky.jpg in Resources */ = {isa = PBXBuildFile; fileRef = 7D9EB31427D06515007F6D89 /* sky.jpg */; };
		7D9EB31C27D06515007F6D89 /* Texture.cpp in Sources */ = {isa = PBXBuildFile; fileRef = 7D9EB31527D06515007F6D89 /* Texture.cpp */; };
		7D9EB32127D06547007F6D89 /* normal.frag in Resources */ = {isa = PBXBuildFile; fileRef = 7D9EB31F27D06547007F6D89 /* normal.frag */; };
		7D9EB32827D06564007F6D89 /* equirectangular.vert in Resources */ = {isa = PBXBuildFile; fileRef = 7D9EB32327D06563007F6D89 /* equirectangular.vert */; };
		7D9EB32927D06564007F6D89 /* equidistance.vert in Resources */ = {isa = PBXBuildFile; fileRef = 7D9EB32427D06563007F6D89 /* equidistance.vert */; };
		7D9EB32A27D06564007F6D89 /* equidistance_up.vert in Resources */ = {isa = PBXBuildFile; fileRef = 7D9EB32527D06563007F6D89 /* equidistance_up.vert */; };
		7D9EB32B27D06564007F6D89 /* equirectangular.frag in Resources */ = {isa = PBXBuildFile; fileRef = 7D9EB32627D06563007F6D89 /* equirectangular.frag */; };
		7D9EB32D27D06572007F6D89 /* castle.jpg in Resources */ = {isa = PBXBuildFile; fileRef = 7D9EB32C27D06572007F6D89 /* castle.jpg */; };
		7DA3D1A52BCE04FC007E2FD6 /* Buffer.cpp in Sources */ = {isa = PBXBuildFile; fileRef = 7DA3D1A42BCE04FC007E2FD6 /* Buffer.cpp */; };
		7DA3D1AB2BCE051E007E2FD6 /* Capture.cpp in Sources */ = {isa = PBXBuildFile; fileRef = 7DA3D1A62BCE051D007E2FD6 /* Capture.cpp */; };
		7DA3D1AC2BCE051E007E2FD6 /* Calibration.cpp in Sources */ = {isa = PBXBuildFile; fileRef = 7DA3D1AA2BCE051E007E2FD6 /* Calibration.cpp */; };
		7DA3D1AE2BCE0553007E2FD6 /* GgApp.cpp in Sources */ = {isa = PBXBuildFile; fileRef = 7DA3D1AD2BCE0553007E2FD6 /* GgApp.cpp */; };
		7DA3D1B12BCE0640007E2FD6 /* Intrinsics.cpp in Sources */ = {isa = PBXBuildFile; fileRef = 7DA3D1B02BCE0640007E2FD6 /* Intrinsics.cpp */; };
		7DA3D1B42BCE0667007E2FD6 /* Preference.cpp in Sources */ = {isa = PBXBuildFile; fileRef = 7DA3D1B32BCE0667007E2FD6 /* Preference.cpp */; };
		7DA3D1B62BCE0794007E2FD6 /* initial.jpg in Resources */ = {isa = PBXBuildFile; fileRef = 7DA3D1B52BCE0794007E2FD6 /* initial.jpg */; };
		7DA3D1B82BCE0884007E2FD6 /* orthographic.vert in Resources */ = {isa = PBXBuildFile; fileRef = 7DA3D1B72BCE0884007E2FD6 /* orthographic.vert */; };
		7DC189EF2BD161F200FE3BF1 /* libopencv_core.a in Frameworks */ = {isa = PBXBuildFile; fileRef = 7DC189EE2BD161F200FE3BF1 /* libopencv_core.a */; };
		7DC189F12BD1620D00FE3BF1 /* libopencv_calib3d.a in Frameworks */ = {isa = PBXBuildFile; fileRef = 7DC189F02BD1620C00FE3BF1 /* libopencv_calib3d.a */; };
		7DC189F32BD1623400FE3BF1 /* libopencv_aruco.a in Frameworks */ = {isa = PBXBuildFile; fileRef = 7DC189F22BD1623400FE3BF1 /* libopencv_aruco.a */; };
		7DC189F52BD1624300FE3BF1 /* libopencv_dnn.a in Frameworks */ = {isa = PBXBuildFile; fileRef = 7DC189F42BD1624300FE3BF1 /* libopencv_dnn.a */; };
		7DC189F72BD1625300FE3BF1 /* libopencv_imgcodecs.a in Frameworks */ = {isa = PBXBuildFile; fileRef = 7DC189F62BD1625300FE3BF1 /* libopencv_imgcodecs.a */; };
		7DC189F92BD1625F00FE3BF1 /* libopencv_imgproc.a in Frameworks */ = {isa = PBXBuildFile; fileRef = 7DC189F82BD1625F00FE3BF1 /* libopencv_imgproc.a */; };
		7DC189FB2BD162A400FE3BF1 /* libopencv_videoio.a in Frameworks */ = {isa = PBXBuildFile; fileRef = 7DC189FA2BD162A400FE3BF1 /* libopencv_videoio.a */; };
		7DC189FD2BD162ED00FE3BF1 /* libOpenEXR-3_2.a in Frameworks */ = {isa = PBXBuildFile; fileRef = 7DC189FC2BD162ED00FE3BF1 /* libOpenEXR-3_2.a */; };
		7DC189FF2BD162F500FE3BF1 /* libOpenEXRCore-3_2.a in Frameworks */ = {isa = PBXBuildFile; fileRef = 7DC189FE2BD162F500FE3BF1 /* libOpenEXRCore-3_2.a */; };
		7DC18A012BD162FD00FE3BF1 /* libtbb.a in Frameworks */ = {isa = PBXBuildFile; fileRef = 7DC18A002BD162FD00FE3BF1 /* libtbb.a */; };
		7DC18A032BD1631700FE3BF1 /* libIlmThread-3_2.a in Frameworks */ = {isa = PBXBuildFile; fileRef = 7DC18A022BD1631700FE3BF1 /* libIlmThread-3_2.a */; };
		7DC18A052BD1632500FE3BF1 /* libImath-3_1.a in Frameworks */ = {isa = PBXBuildFile; fileRef = 7DC18A042BD1632500FE3BF1 /* libImath-3_1.a */; };
		7DC18A072BD163F000FE3BF1 /* libIex-3_2.a in Frameworks */ = {isa = PBXBuildFile; fileRef = 7DC18A062BD163F000FE3BF1 /* libIex-3_2.a */; };
		7DC18A092BD1643900FE3BF1 /* liborc-0.4.a in Frameworks */ = {isa = PBXBuildFile; fileRef = 7DC18A082BD1643900FE3BF1 /* liborc-0.4.a */; };
		7DC18A0B2BD1646800FE3BF1 /* libgstapp-1.0.a in Frameworks */ = {isa = PBXBuildFile; fileRef = 7DC18A0A2BD1646800FE3BF1 /* libgstapp-1.0.a */; };
		7DC18A0D2BD1647E00FE3BF1 /* libgstbase-1.0.a in Frameworks */ = {isa = PBXBuildFile; fileRef = 7DC18A0C2BD1647E00FE3BF1 /* libgstbase-1.0.a */; };
		7DC18A0F2BD1665900FE3BF1 /* libglib-2.0.a in Frameworks */ = {isa = PBXBuildFile; fileRef = 7DC18A0E2BD1665900FE3BF1 /* libglib-2.0.a */; };
		7DC18A112BD1667900FE3BF1 /* libgmodule-2.0.a in Frameworks */ = {isa = PBXBuildFile; fileRef = 7DC18A102BD1667900FE3BF1 /* libgmodule-2.0.a */; };
		7DC18A132BD1669F00FE3BF1 /* libgstaudio-1.0.a in Frameworks */ = {isa = PBXBuildFile; fileRef = 7DC18A122BD1669F00FE3BF1 /* libgstaudio-1.0.a */; };
		7DC18A152BD166C100FE3BF1 /* libgstreamer-1.0.a in Frameworks */ = {isa = PBXBuildFile; fileRef = 7DC18A142BD166C100FE3BF1 /* libgstreamer-1.0.a */; };
		7DC18A172BD166D800FE3BF1 /* libz.a in Frameworks */ = {isa = PBXBuildFile; fileRef = 7DC18A162BD166D800FE3BF1 /* libz.a */; };
		7DC18A192BD1670800FE3BF1 /* libintl.a in Frameworks */ = {isa = PBXBuildFile; fileRef = 7DC18A182BD1670800FE3BF1 /* libintl.a */; };
		7DC18A1B2BD1674000FE3BF1 /* libgstpbutils-1.0.a in Frameworks */ = {isa = PBXBuildFile; fileRef = 7DC18A1A2BD1674000FE3BF1 /* libgstpbutils-1.0.a */; };
		7DC18A1D2BD1679F00FE3BF1 /* libopencv_features2d.a in Frameworks */ = {isa = PBXBuildFile; fileRef = 7DC18A1C2BD1679E00FE3BF1 /* libopencv_features2d.a */; };
		7DC18A1F2BD167CC00FE3BF1 /* libgsttag-1.0.a in Frameworks */ = {isa = PBXBuildFile; fileRef = 7DC18A1E2BD167CC00FE3BF1 /* libgsttag-1.0.a */; };
		7DC18A212BD1682300FE3BF1 /* libgstriff-1.0.a in Frameworks */ = {isa = PBXBuildFile; fileRef = 7DC18A202BD1682200FE3BF1 /* libgstriff-1.0.a */; };
		7DC18A232BD1684000FE3BF1 /* libffi.a in Frameworks */ = {isa = PBXBuildFile; fileRef = 7DC18A222BD1684000FE3BF1 /* libffi.a */; };
		7DC18A252BD1686000FE3BF1 /* libopencv_flann.a in Frameworks */ = {isa = PBXBuildFile; fileRef = 7DC18A242BD1686000FE3BF1 /* libopencv_flann.a */; };
		7DC18A272BD1688500FE3BF1 /* libopencv_objdetect.a in Frameworks */ = {isa = PBXBuildFile; fileRef = 7DC18A262BD1688500FE3BF1 /* libopencv_objdetect.a */; };
		7DC18A292BD1689F00FE3BF1 /* libgstvideo-1.0.a in Frameworks */ = {isa = PBXBuildFile; fileRef = 7DC18A282BD1689F00FE3BF1 /* libgstvideo-1.0.a */; };
		7DC18A2B2BD168C200FE3BF1 /* libgobject-2.0.a in Frameworks */ = {isa = PBXBuildFile; fileRef = 7DC18A2A2BD168C200FE3BF1 /* libgobject-2.0.a */; };
		7DCF82CA28756A2B00E5C152 /* Expand.cpp in Sources */ = {isa = PBXBuildFile; fileRef = 7DCF82C628756A2B00E5C152 /* Expand.cpp */; };
		7DD33CCC246A757600E99D6A /* calib.cpp in Sources */ = {isa = PBXBuildFile; fileRef = 7DD33CCB246A757600E99D6A /* calib.cpp */; };
		7DDF928F28D2115A0045936C /* bunny.obj in Resources */ = {isa = PBXBuildFile; fileRef = 7DDF928928D2115A0045936C /* bunny.obj */; };
		7DDF929128D2115A0045936C /* bunny.mtl in Resources */ = {isa = PBXBuildFile; fileRef = 7DDF928B28D2115A0045936C /* bunny.mtl */; };
		7DDF929328D2115A0045936C /* axis.obj in Resources */ = {isa = PBXBuildFile; fileRef = 7DDF928D28D2115A0045936C /* axis.obj */; };
		7DDF929428D2115A0045936C /* axis.mtl in Resources */ = {isa = PBXBuildFile; fileRef = 7DDF928E28D2115A0045936C /* axis.mtl */; };
		7DF454B427EA9797005361A7 /* Framebuffer.cpp in Sources */ = {isa = PBXBuildFile; fileRef = 7DF454B327EA9797005361A7 /* Framebuffer.cpp */; };
		7DF9CC4520047E4E009E3F96 /* main.cpp in Sources */ = {isa = PBXBuildFile; fileRef = 7DF9CC4420047E4E009E3F96 /* main.cpp */; };
/* End PBXBuildFile section */

/* Begin PBXFileReference section */
		7D0F506127C2493500AC6C8B /* OpenGL.framework */ = {isa = PBXFileReference; lastKnownFileType = wrapper.framework; name = OpenGL.framework; path = System/Library/Frameworks/OpenGL.framework; sourceTree = SDKROOT; };
		7D0F506327C2493E00AC6C8B /* IOKit.framework */ = {isa = PBXFileReference; lastKnownFileType = wrapper.framework; name = IOKit.framework; path = System/Library/Frameworks/IOKit.framework; sourceTree = SDKROOT; };
		7D0F506527C2494400AC6C8B /* Cocoa.framework */ = {isa = PBXFileReference; lastKnownFileType = wrapper.framework; name = Cocoa.framework; path = System/Library/Frameworks/Cocoa.framework; sourceTree = SDKROOT; };
		7D0F506727C2495100AC6C8B /* CoreVideo.framework */ = {isa = PBXFileReference; lastKnownFileType = wrapper.framework; name = CoreVideo.framework; path = System/Library/Frameworks/CoreVideo.framework; sourceTree = SDKROOT; };
		7D1584DA27C140BB00CCF5DB /* Mplus1-Regular.ttf */ = {isa = PBXFileReference; lastKnownFileType = file; path = "Mplus1-Regular.ttf"; sourceTree = "<group>"; };
		7D1E90EE1123E36C005E6C75 /* calib.app */ = {isa = PBXFileReference; explicitFileType = wrapper.application; includeInIndex = 0; path = calib.app; sourceTree = BUILT_PRODUCTS_DIR; };
		7D1E90F11123E36C005E6C75 /* Info.plist */ = {isa = PBXFileReference; lastKnownFileType = text.plist.xml; path = Info.plist; sourceTree = "<group>"; };
		7D24C83614F8F3A700C23BB6 /* gg.cpp */ = {isa = PBXFileReference; fileEncoding = 4; indentWidth = 2; lastKnownFileType = sourcecode.cpp.cpp; lineEnding = 0; path = gg.cpp; sourceTree = "<group>"; tabWidth = 2; };
		7D24C83714F8F3A700C23BB6 /* gg.h */ = {isa = PBXFileReference; fileEncoding = 4; indentWidth = 2; lastKnownFileType = sourcecode.c.h; lineEnding = 0; path = gg.h; sourceTree = "<group>"; tabWidth = 2; };
		7D27311A23EEE29600438307 /* gg.icns */ = {isa = PBXFileReference; lastKnownFileType = image.icns; path = gg.icns; sourceTree = "<group>"; };
		7D31810C27D713C8001E3CF5 /* libglfw3.a */ = {isa = PBXFileReference; lastKnownFileType = archive.ar; name = libglfw3.a; path = libs/mac/lib/libglfw3.a; sourceTree = "<group>"; };
		7D779F232678BFDE0001FF6B /* GgApp.h */ = {isa = PBXFileReference; fileEncoding = 4; indentWidth = 2; lastKnownFileType = sourcecode.c.h; lineEnding = 0; path = GgApp.h; sourceTree = "<group>"; tabWidth = 2; };
		7D7EF20A27CE47DE0093461E /* Config.cpp */ = {isa = PBXFileReference; fileEncoding = 4; indentWidth = 2; lastKnownFileType = sourcecode.cpp.cpp; lineEnding = 0; path = Config.cpp; sourceTree = "<group>"; tabWidth = 2; };
		7D7EF20B27CE47DE0093461E /* Menu.cpp */ = {isa = PBXFileReference; fileEncoding = 4; indentWidth = 2; lastKnownFileType = sourcecode.cpp.cpp; lineEnding = 0; path = Menu.cpp; sourceTree = "<group>"; tabWidth = 2; };
		7D7EF20C27CE47DE0093461E /* Menu.h */ = {isa = PBXFileReference; fileEncoding = 4; indentWidth = 2; lastKnownFileType = sourcecode.c.h; lineEnding = 0; path = Menu.h; sourceTree = "<group>"; tabWidth = 2; };
		7D7EF20E27CE47DE0093461E /* Config.h */ = {isa = PBXFileReference; fileEncoding = 4; indentWidth = 2; lastKnownFileType = sourcecode.c.h; lineEnding = 0; path = Config.h; sourceTree = "<group>"; tabWidth = 2; };
		7D7EF20F27CE47DE0093461E /* Preference.h */ = {isa = PBXFileReference; fileEncoding = 4; indentWidth = 2; lastKnownFileType = sourcecode.c.h; lineEnding = 0; path = Preference.h; sourceTree = "<group>"; tabWidth = 2; };
		7D7EF21127CE47DF0093461E /* Mesh.h */ = {isa = PBXFileReference; fileEncoding = 4; indentWidth = 2; lastKnownFileType = sourcecode.c.h; lineEnding = 0; path = Mesh.h; sourceTree = "<group>"; tabWidth = 2; };
		7D7EF21227CE47DF0093461E /* calib_config.json */ = {isa = PBXFileReference; fileEncoding = 4; indentWidth = 2; lastKnownFileType = text.json; lineEnding = 0; path = calib_config.json; sourceTree = "<group>"; tabWidth = 2; };
		7D91351227C0B50600396778 /* CamCv.h */ = {isa = PBXFileReference; fileEncoding = 4; indentWidth = 2; lastKnownFileType = sourcecode.c.h; lineEnding = 0; path = CamCv.h; sourceTree = "<group>"; tabWidth = 2; };
		7D91351327C0B50600396778 /* Camera.h */ = {isa = PBXFileReference; fileEncoding = 4; indentWidth = 2; lastKnownFileType = sourcecode.c.h; lineEnding = 0; path = Camera.h; sourceTree = "<group>"; tabWidth = 2; };
		7D91358727C0CDFA00396778 /* imgui_widgets.cpp */ = {isa = PBXFileReference; fileEncoding = 4; lastKnownFileType = sourcecode.cpp.cpp; name = imgui_widgets.cpp; path = libs/ImGui/imgui_widgets.cpp; sourceTree = "<group>"; };
		7D91358827C0CDFA00396778 /* imgui_impl_opengl3.cpp */ = {isa = PBXFileReference; fileEncoding = 4; lastKnownFileType = sourcecode.cpp.cpp; name = imgui_impl_opengl3.cpp; path = libs/ImGui/imgui_impl_opengl3.cpp; sourceTree = "<group>"; };
		7D91358A27C0CDFA00396778 /* imgui_tables.cpp */ = {isa = PBXFileReference; fileEncoding = 4; lastKnownFileType = sourcecode.cpp.cpp; name = imgui_tables.cpp; path = libs/ImGui/imgui_tables.cpp; sourceTree = "<group>"; };
		7D91358B27C0CDFA00396778 /* imgui_draw.cpp */ = {isa = PBXFileReference; fileEncoding = 4; lastKnownFileType = sourcecode.cpp.cpp; name = imgui_draw.cpp; path = libs/ImGui/imgui_draw.cpp; sourceTree = "<group>"; };
		7D91358D27C0CDFA00396778 /* nfd_cocoa.m */ = {isa = PBXFileReference; fileEncoding = 4; lastKnownFileType = sourcecode.c.objc; name = nfd_cocoa.m; path = libs/ImGui/nfd_cocoa.m; sourceTree = "<group>"; };
		7D91358F27C0CDFA00396778 /* imgui.cpp */ = {isa = PBXFileReference; fileEncoding = 4; lastKnownFileType = sourcecode.cpp.cpp; name = imgui.cpp; path = libs/ImGui/imgui.cpp; sourceTree = "<group>"; };
		7D91359327C0CDFA00396778 /* imgui_impl_glfw.cpp */ = {isa = PBXFileReference; fileEncoding = 4; lastKnownFileType = sourcecode.cpp.cpp; name = imgui_impl_glfw.cpp; path = libs/ImGui/imgui_impl_glfw.cpp; sourceTree = "<group>"; };
		7D9EB30E27D06515007F6D89 /* stereographic.vert */ = {isa = PBXFileReference; fileEncoding = 4; lastKnownFileType = sourcecode.glsl; path = stereographic.vert; sourceTree = "<group>"; };
		7D9EB30F27D06515007F6D89 /* Texture.h */ = {isa = PBXFileReference; fileEncoding = 4; indentWidth = 2; lastKnownFileType = sourcecode.c.h; lineEnding = 0; path = Texture.h; sourceTree = "<group>"; tabWidth = 2; };
		7D9EB31027D06515007F6D89 /* stereographic_up.vert */ = {isa = PBXFileReference; fileEncoding = 4; lastKnownFileType = sourcecode.glsl; path = stereographic_up.vert; sourceTree = "<group>"; };
		7D9EB31127D06515007F6D89 /* theta.vert */ = {isa = PBXFileReference; fileEncoding = 4; lastKnownFileType = sourcecode.glsl; path = theta.vert; sourceTree = "<group>"; };
		7D9EB31227D06515007F6D89 /* theta.frag */ = {isa = PBXFileReference; fileEncoding = 4; lastKnownFileType = sourcecode.glsl; path = theta.frag; sourceTree = "<group>"; };
		7D9EB31427D06515007F6D89 /* sky.jpg */ = {isa = PBXFileReference; lastKnownFileType = image.jpeg; path = sky.jpg; sourceTree = "<group>"; };
		7D9EB31527D06515007F6D89 /* Texture.cpp */ = {isa = PBXFileReference; fileEncoding = 4; indentWidth = 2; lastKnownFileType = sourcecode.cpp.cpp; lineEnding = 0; path = Texture.cpp; sourceTree = "<group>"; tabWidth = 2; };
		7D9EB31E27D06547007F6D89 /* README.md */ = {isa = PBXFileReference; fileEncoding = 4; lastKnownFileType = net.daringfireball.markdown; path = README.md; sourceTree = "<group>"; };
		7D9EB31F27D06547007F6D89 /* normal.frag */ = {isa = PBXFileReference; fileEncoding = 4; lastKnownFileType = sourcecode.glsl; path = normal.frag; sourceTree = "<group>"; };
		7D9EB32327D06563007F6D89 /* equirectangular.vert */ = {isa = PBXFileReference; fileEncoding = 4; lastKnownFileType = sourcecode.glsl; path = equirectangular.vert; sourceTree = "<group>"; };
		7D9EB32427D06563007F6D89 /* equidistance.vert */ = {isa = PBXFileReference; fileEncoding = 4; lastKnownFileType = sourcecode.glsl; path = equidistance.vert; sourceTree = "<group>"; };
		7D9EB32527D06563007F6D89 /* equidistance_up.vert */ = {isa = PBXFileReference; fileEncoding = 4; lastKnownFileType = sourcecode.glsl; path = equidistance_up.vert; sourceTree = "<group>"; };
		7D9EB32627D06563007F6D89 /* equirectangular.frag */ = {isa = PBXFileReference; fileEncoding = 4; lastKnownFileType = sourcecode.glsl; path = equirectangular.frag; sourceTree = "<group>"; };
		7D9EB32C27D06572007F6D89 /* castle.jpg */ = {isa = PBXFileReference; lastKnownFileType = image.jpeg; path = castle.jpg; sourceTree = "<group>"; };
		7DA3D1A32BCE04FC007E2FD6 /* Buffer.h */ = {isa = PBXFileReference; fileEncoding = 4; lastKnownFileType = sourcecode.c.h; path = Buffer.h; sourceTree = "<group>"; };
		7DA3D1A42BCE04FC007E2FD6 /* Buffer.cpp */ = {isa = PBXFileReference; fileEncoding = 4; lastKnownFileType = sourcecode.cpp.cpp; path = Buffer.cpp; sourceTree = "<group>"; };
		7DA3D1A62BCE051D007E2FD6 /* Capture.cpp */ = {isa = PBXFileReference; fileEncoding = 4; lastKnownFileType = sourcecode.cpp.cpp; path = Capture.cpp; sourceTree = "<group>"; };
		7DA3D1A72BCE051D007E2FD6 /* Calibration.h */ = {isa = PBXFileReference; fileEncoding = 4; lastKnownFileType = sourcecode.c.h; path = Calibration.h; sourceTree = "<group>"; };
		7DA3D1A82BCE051D007E2FD6 /* CamImage.h */ = {isa = PBXFileReference; fileEncoding = 4; lastKnownFileType = sourcecode.c.h; path = CamImage.h; sourceTree = "<group>"; };
		7DA3D1A92BCE051D007E2FD6 /* Capture.h */ = {isa = PBXFileReference; fileEncoding = 4; lastKnownFileType = sourcecode.c.h; path = Capture.h; sourceTree = "<group>"; };
		7DA3D1AA2BCE051E007E2FD6 /* Calibration.cpp */ = {isa = PBXFileReference; fileEncoding = 4; lastKnownFileType = sourcecode.cpp.cpp; path = Calibration.cpp; sourceTree = "<group>"; };
		7DA3D1AD2BCE0553007E2FD6 /* GgApp.cpp */ = {isa = PBXFileReference; fileEncoding = 4; lastKnownFileType = sourcecode.cpp.cpp; path = GgApp.cpp; sourceTree = "<group>"; };
		7DA3D1AF2BCE0640007E2FD6 /* Intrinsics.h */ = {isa = PBXFileReference; fileEncoding = 4; lastKnownFileType = sourcecode.c.h; path = Intrinsics.h; sourceTree = "<group>"; };
		7DA3D1B02BCE0640007E2FD6 /* Intrinsics.cpp */ = {isa = PBXFileReference; fileEncoding = 4; lastKnownFileType = sourcecode.cpp.cpp; path = Intrinsics.cpp; sourceTree = "<group>"; };
		7DA3D1B22BCE0667007E2FD6 /* parseconfig.h */ = {isa = PBXFileReference; fileEncoding = 4; lastKnownFileType = sourcecode.c.h; path = parseconfig.h; sourceTree = "<group>"; };
		7DA3D1B32BCE0667007E2FD6 /* Preference.cpp */ = {isa = PBXFileReference; fileEncoding = 4; lastKnownFileType = sourcecode.cpp.cpp; path = Preference.cpp; sourceTree = "<group>"; };
		7DA3D1B52BCE0794007E2FD6 /* initial.jpg */ = {isa = PBXFileReference; lastKnownFileType = image.jpeg; path = initial.jpg; sourceTree = "<group>"; };
		7DA3D1B72BCE0884007E2FD6 /* orthographic.vert */ = {isa = PBXFileReference; lastKnownFileType = sourcecode.glsl; path = orthographic.vert; sourceTree = "<group>"; };
		7DC189EE2BD161F200FE3BF1 /* libopencv_core.a */ = {isa = PBXFileReference; lastKnownFileType = archive.ar; name = libopencv_core.a; path = ../../Work/libs/mac/lib/libopencv_core.a; sourceTree = "<group>"; };
		7DC189F02BD1620C00FE3BF1 /* libopencv_calib3d.a */ = {isa = PBXFileReference; lastKnownFileType = archive.ar; name = libopencv_calib3d.a; path = ../../Work/libs/mac/lib/libopencv_calib3d.a; sourceTree = "<group>"; };
		7DC189F22BD1623400FE3BF1 /* libopencv_aruco.a */ = {isa = PBXFileReference; lastKnownFileType = archive.ar; name = libopencv_aruco.a; path = ../../Work/libs/mac/lib/libopencv_aruco.a; sourceTree = "<group>"; };
		7DC189F42BD1624300FE3BF1 /* libopencv_dnn.a */ = {isa = PBXFileReference; lastKnownFileType = archive.ar; name = libopencv_dnn.a; path = ../../Work/libs/mac/lib/libopencv_dnn.a; sourceTree = "<group>"; };
		7DC189F62BD1625300FE3BF1 /* libopencv_imgcodecs.a */ = {isa = PBXFileReference; lastKnownFileType = archive.ar; name = libopencv_imgcodecs.a; path = ../../Work/libs/mac/lib/libopencv_imgcodecs.a; sourceTree = "<group>"; };
		7DC189F82BD1625F00FE3BF1 /* libopencv_imgproc.a */ = {isa = PBXFileReference; lastKnownFileType = archive.ar; name = libopencv_imgproc.a; path = ../../Work/libs/mac/lib/libopencv_imgproc.a; sourceTree = "<group>"; };
		7DC189FA2BD162A400FE3BF1 /* libopencv_videoio.a */ = {isa = PBXFileReference; lastKnownFileType = archive.ar; name = libopencv_videoio.a; path = ../../Work/libs/mac/lib/libopencv_videoio.a; sourceTree = "<group>"; };
		7DC189FC2BD162ED00FE3BF1 /* libOpenEXR-3_2.a */ = {isa = PBXFileReference; lastKnownFileType = archive.ar; name = "libOpenEXR-3_2.a"; path = "../../Work/libs/mac/lib/libOpenEXR-3_2.a"; sourceTree = "<group>"; };
		7DC189FE2BD162F500FE3BF1 /* libOpenEXRCore-3_2.a */ = {isa = PBXFileReference; lastKnownFileType = archive.ar; name = "libOpenEXRCore-3_2.a"; path = "../../Work/libs/mac/lib/libOpenEXRCore-3_2.a"; sourceTree = "<group>"; };
		7DC18A002BD162FD00FE3BF1 /* libtbb.a */ = {isa = PBXFileReference; lastKnownFileType = archive.ar; name = libtbb.a; path = ../../Work/libs/mac/lib/libtbb.a; sourceTree = "<group>"; };
		7DC18A022BD1631700FE3BF1 /* libIlmThread-3_2.a */ = {isa = PBXFileReference; lastKnownFileType = archive.ar; name = "libIlmThread-3_2.a"; path = "../../Work/libs/mac/lib/libIlmThread-3_2.a"; sourceTree = "<group>"; };
		7DC18A042BD1632500FE3BF1 /* libImath-3_1.a */ = {isa = PBXFileReference; lastKnownFileType = archive.ar; name = "libImath-3_1.a"; path = "../../Work/libs/mac/lib/libImath-3_1.a"; sourceTree = "<group>"; };
		7DC18A062BD163F000FE3BF1 /* libIex-3_2.a */ = {isa = PBXFileReference; lastKnownFileType = archive.ar; name = "libIex-3_2.a"; path = "../../Work/libs/mac/lib/libIex-3_2.a"; sourceTree = "<group>"; };
		7DC18A082BD1643900FE3BF1 /* liborc-0.4.a */ = {isa = PBXFileReference; lastKnownFileType = archive.ar; name = "liborc-0.4.a"; path = "../../Work/libs/mac/lib/liborc-0.4.a"; sourceTree = "<group>"; };
		7DC18A0A2BD1646800FE3BF1 /* libgstapp-1.0.a */ = {isa = PBXFileReference; lastKnownFileType = archive.ar; name = "libgstapp-1.0.a"; path = "../../Work/libs/mac/lib/libgstapp-1.0.a"; sourceTree = "<group>"; };
		7DC18A0C2BD1647E00FE3BF1 /* libgstbase-1.0.a */ = {isa = PBXFileReference; lastKnownFileType = archive.ar; name = "libgstbase-1.0.a"; path = "../../Work/libs/mac/lib/libgstbase-1.0.a"; sourceTree = "<group>"; };
		7DC18A0E2BD1665900FE3BF1 /* libglib-2.0.a */ = {isa = PBXFileReference; lastKnownFileType = archive.ar; name = "libglib-2.0.a"; path = "../../Work/libs/mac/lib/libglib-2.0.a"; sourceTree = "<group>"; };
		7DC18A102BD1667900FE3BF1 /* libgmodule-2.0.a */ = {isa = PBXFileReference; lastKnownFileType = archive.ar; name = "libgmodule-2.0.a"; path = "../../Work/libs/mac/lib/libgmodule-2.0.a"; sourceTree = "<group>"; };
		7DC18A122BD1669F00FE3BF1 /* libgstaudio-1.0.a */ = {isa = PBXFileReference; lastKnownFileType = archive.ar; name = "libgstaudio-1.0.a"; path = "../../Work/libs/mac/lib/libgstaudio-1.0.a"; sourceTree = "<group>"; };
		7DC18A142BD166C100FE3BF1 /* libgstreamer-1.0.a */ = {isa = PBXFileReference; lastKnownFileType = archive.ar; name = "libgstreamer-1.0.a"; path = "../../Work/libs/mac/lib/libgstreamer-1.0.a"; sourceTree = "<group>"; };
		7DC18A162BD166D800FE3BF1 /* libz.a */ = {isa = PBXFileReference; lastKnownFileType = archive.ar; name = libz.a; path = ../../Work/libs/mac/lib/libz.a; sourceTree = "<group>"; };
		7DC18A182BD1670800FE3BF1 /* libintl.a */ = {isa = PBXFileReference; lastKnownFileType = archive.ar; name = libintl.a; path = ../../Work/libs/mac/lib/libintl.a; sourceTree = "<group>"; };
		7DC18A1A2BD1674000FE3BF1 /* libgstpbutils-1.0.a */ = {isa = PBXFileReference; lastKnownFileType = archive.ar; name = "libgstpbutils-1.0.a"; path = "../../Work/libs/mac/lib/libgstpbutils-1.0.a"; sourceTree = "<group>"; };
		7DC18A1C2BD1679E00FE3BF1 /* libopencv_features2d.a */ = {isa = PBXFileReference; lastKnownFileType = archive.ar; name = libopencv_features2d.a; path = ../../Work/libs/mac/lib/libopencv_features2d.a; sourceTree = "<group>"; };
		7DC18A1E2BD167CC00FE3BF1 /* libgsttag-1.0.a */ = {isa = PBXFileReference; lastKnownFileType = archive.ar; name = "libgsttag-1.0.a"; path = "../../Work/libs/mac/lib/libgsttag-1.0.a"; sourceTree = "<group>"; };
		7DC18A202BD1682200FE3BF1 /* libgstriff-1.0.a */ = {isa = PBXFileReference; lastKnownFileType = archive.ar; name = "libgstriff-1.0.a"; path = "../../Work/libs/mac/lib/libgstriff-1.0.a"; sourceTree = "<group>"; };
		7DC18A222BD1684000FE3BF1 /* libffi.a */ = {isa = PBXFileReference; lastKnownFileType = archive.ar; name = libffi.a; path = ../../Work/libs/mac/lib/libffi.a; sourceTree = "<group>"; };
		7DC18A242BD1686000FE3BF1 /* libopencv_flann.a */ = {isa = PBXFileReference; lastKnownFileType = archive.ar; name = libopencv_flann.a; path = ../../Work/libs/mac/lib/libopencv_flann.a; sourceTree = "<group>"; };
		7DC18A262BD1688500FE3BF1 /* libopencv_objdetect.a */ = {isa = PBXFileReference; lastKnownFileType = archive.ar; name = libopencv_objdetect.a; path = ../../Work/libs/mac/lib/libopencv_objdetect.a; sourceTree = "<group>"; };
		7DC18A282BD1689F00FE3BF1 /* libgstvideo-1.0.a */ = {isa = PBXFileReference; lastKnownFileType = archive.ar; name = "libgstvideo-1.0.a"; path = "../../Work/libs/mac/lib/libgstvideo-1.0.a"; sourceTree = "<group>"; };
		7DC18A2A2BD168C200FE3BF1 /* libgobject-2.0.a */ = {isa = PBXFileReference; lastKnownFileType = archive.ar; name = "libgobject-2.0.a"; path = "../../Work/libs/mac/lib/libgobject-2.0.a"; sourceTree = "<group>"; };
		7DCF82C428756A2B00E5C152 /* Expand.h */ = {isa = PBXFileReference; fileEncoding = 4; lastKnownFileType = sourcecode.c.h; path = Expand.h; sourceTree = "<group>"; };
		7DCF82C628756A2B00E5C152 /* Expand.cpp */ = {isa = PBXFileReference; fileEncoding = 4; lastKnownFileType = sourcecode.cpp.cpp; path = Expand.cpp; sourceTree = "<group>"; };
		7DD33CCB246A757600E99D6A /* calib.cpp */ = {isa = PBXFileReference; fileEncoding = 4; indentWidth = 2; lastKnownFileType = sourcecode.cpp.cpp; lineEnding = 0; path = calib.cpp; sourceTree = "<group>"; tabWidth = 2; };
		7DDF928928D2115A0045936C /* bunny.obj */ = {isa = PBXFileReference; lastKnownFileType = text; path = bunny.obj; sourceTree = "<group>"; };
		7DDF928B28D2115A0045936C /* bunny.mtl */ = {isa = PBXFileReference; lastKnownFileType = text; path = bunny.mtl; sourceTree = "<group>"; };
		7DDF928D28D2115A0045936C /* axis.obj */ = {isa = PBXFileReference; lastKnownFileType = text; path = axis.obj; sourceTree = "<group>"; };
		7DDF928E28D2115A0045936C /* axis.mtl */ = {isa = PBXFileReference; lastKnownFileType = text; path = axis.mtl; sourceTree = "<group>"; };
		7DF454B227EA9797005361A7 /* Framebuffer.h */ = {isa = PBXFileReference; fileEncoding = 4; indentWidth = 2; lastKnownFileType = sourcecode.c.h; lineEnding = 0; path = Framebuffer.h; sourceTree = "<group>"; tabWidth = 2; };
		7DF454B327EA9797005361A7 /* Framebuffer.cpp */ = {isa = PBXFileReference; fileEncoding = 4; indentWidth = 2; lastKnownFileType = sourcecode.cpp.cpp; lineEnding = 0; path = Framebuffer.cpp; sourceTree = "<group>"; tabWidth = 2; };
		7DF9CC4420047E4E009E3F96 /* main.cpp */ = {isa = PBXFileReference; fileEncoding = 4; indentWidth = 2; lastKnownFileType = sourcecode.cpp.cpp; lineEnding = 0; path = main.cpp; sourceTree = "<group>"; tabWidth = 2; };
/* End PBXFileReference section */

/* Begin PBXFrameworksBuildPhase section */
		7D1E90EC1123E36C005E6C75 /* Frameworks */ = {
			isa = PBXFrameworksBuildPhase;
			buildActionMask = 2147483647;
			files = (
				7DC18A172BD166D800FE3BF1 /* libz.a in Frameworks */,
				7DC18A0B2BD1646800FE3BF1 /* libgstapp-1.0.a in Frameworks */,
				7D0F506627C2494400AC6C8B /* Cocoa.framework in Frameworks */,
				7DC18A232BD1684000FE3BF1 /* libffi.a in Frameworks */,
				7DC18A0F2BD1665900FE3BF1 /* libglib-2.0.a in Frameworks */,
				7DC189FF2BD162F500FE3BF1 /* libOpenEXRCore-3_2.a in Frameworks */,
				7DC189F72BD1625300FE3BF1 /* libopencv_imgcodecs.a in Frameworks */,
				7DC18A112BD1667900FE3BF1 /* libgmodule-2.0.a in Frameworks */,
				7DC18A032BD1631700FE3BF1 /* libIlmThread-3_2.a in Frameworks */,
				7D0F506427C2493E00AC6C8B /* IOKit.framework in Frameworks */,
				7D0F506827C2495100AC6C8B /* CoreVideo.framework in Frameworks */,
				7DC189F52BD1624300FE3BF1 /* libopencv_dnn.a in Frameworks */,
				7DC18A192BD1670800FE3BF1 /* libintl.a in Frameworks */,
				7DC18A2B2BD168C200FE3BF1 /* libgobject-2.0.a in Frameworks */,
				7DC18A272BD1688500FE3BF1 /* libopencv_objdetect.a in Frameworks */,
				7DC18A1D2BD1679F00FE3BF1 /* libopencv_features2d.a in Frameworks */,
				7DC18A072BD163F000FE3BF1 /* libIex-3_2.a in Frameworks */,
				7DC18A212BD1682300FE3BF1 /* libgstriff-1.0.a in Frameworks */,
				7DC18A132BD1669F00FE3BF1 /* libgstaudio-1.0.a in Frameworks */,
				7DC189F32BD1623400FE3BF1 /* libopencv_aruco.a in Frameworks */,
				7D0F506227C2493500AC6C8B /* OpenGL.framework in Frameworks */,
				7DC18A052BD1632500FE3BF1 /* libImath-3_1.a in Frameworks */,
				7DC18A152BD166C100FE3BF1 /* libgstreamer-1.0.a in Frameworks */,
				7DC189FD2BD162ED00FE3BF1 /* libOpenEXR-3_2.a in Frameworks */,
				7D31814B27D713C9001E3CF5 /* libglfw3.a in Frameworks */,
				7DC189FB2BD162A400FE3BF1 /* libopencv_videoio.a in Frameworks */,
				7DC189EF2BD161F200FE3BF1 /* libopencv_core.a in Frameworks */,
				7DC189F12BD1620D00FE3BF1 /* libopencv_calib3d.a in Frameworks */,
				7DC18A0D2BD1647E00FE3BF1 /* libgstbase-1.0.a in Frameworks */,
				7DC18A292BD1689F00FE3BF1 /* libgstvideo-1.0.a in Frameworks */,
				7DC18A252BD1686000FE3BF1 /* libopencv_flann.a in Frameworks */,
				7DC18A092BD1643900FE3BF1 /* liborc-0.4.a in Frameworks */,
				7DC18A012BD162FD00FE3BF1 /* libtbb.a in Frameworks */,
				7DC18A1F2BD167CC00FE3BF1 /* libgsttag-1.0.a in Frameworks */,
				7DC18A1B2BD1674000FE3BF1 /* libgstpbutils-1.0.a in Frameworks */,
				7DC189F92BD1625F00FE3BF1 /* libopencv_imgproc.a in Frameworks */,
			);
			runOnlyForDeploymentPostprocessing = 0;
		};
/* End PBXFrameworksBuildPhase section */

/* Begin PBXGroup section */
		7D0F506027C248FF00AC6C8B /* Frameworks */ = {
			isa = PBXGroup;
			children = (
				7DC189EE2BD161F200FE3BF1 /* libopencv_core.a */,
				7DC189F62BD1625300FE3BF1 /* libopencv_imgcodecs.a */,
				7DC189F82BD1625F00FE3BF1 /* libopencv_imgproc.a */,
				7DC189FA2BD162A400FE3BF1 /* libopencv_videoio.a */,
				7DC189F22BD1623400FE3BF1 /* libopencv_aruco.a */,
				7DC18A1C2BD1679E00FE3BF1 /* libopencv_features2d.a */,
				7DC18A242BD1686000FE3BF1 /* libopencv_flann.a */,
				7DC189F02BD1620C00FE3BF1 /* libopencv_calib3d.a */,
				7DC18A262BD1688500FE3BF1 /* libopencv_objdetect.a */,
				7DC189F42BD1624300FE3BF1 /* libopencv_dnn.a */,
				7DC189FC2BD162ED00FE3BF1 /* libOpenEXR-3_2.a */,
				7DC189FE2BD162F500FE3BF1 /* libOpenEXRCore-3_2.a */,
				7DC18A022BD1631700FE3BF1 /* libIlmThread-3_2.a */,
				7DC18A062BD163F000FE3BF1 /* libIex-3_2.a */,
				7DC18A042BD1632500FE3BF1 /* libImath-3_1.a */,
				7DC18A002BD162FD00FE3BF1 /* libtbb.a */,
				7DC18A0A2BD1646800FE3BF1 /* libgstapp-1.0.a */,
				7DC18A0C2BD1647E00FE3BF1 /* libgstbase-1.0.a */,
				7DC18A122BD1669F00FE3BF1 /* libgstaudio-1.0.a */,
				7DC18A142BD166C100FE3BF1 /* libgstreamer-1.0.a */,
				7DC18A1A2BD1674000FE3BF1 /* libgstpbutils-1.0.a */,
				7DC18A1E2BD167CC00FE3BF1 /* libgsttag-1.0.a */,
				7DC18A202BD1682200FE3BF1 /* libgstriff-1.0.a */,
				7DC18A282BD1689F00FE3BF1 /* libgstvideo-1.0.a */,
				7DC18A102BD1667900FE3BF1 /* libgmodule-2.0.a */,
				7DC18A2A2BD168C200FE3BF1 /* libgobject-2.0.a */,
				7DC18A0E2BD1665900FE3BF1 /* libglib-2.0.a */,
				7DC18A182BD1670800FE3BF1 /* libintl.a */,
				7DC18A222BD1684000FE3BF1 /* libffi.a */,
				7DC18A082BD1643900FE3BF1 /* liborc-0.4.a */,
				7DC18A162BD166D800FE3BF1 /* libz.a */,
				7D31810C27D713C8001E3CF5 /* libglfw3.a */,
				7D0F506727C2495100AC6C8B /* CoreVideo.framework */,
				7D0F506527C2494400AC6C8B /* Cocoa.framework */,
				7D0F506327C2493E00AC6C8B /* IOKit.framework */,
				7D0F506127C2493500AC6C8B /* OpenGL.framework */,
			);
			name = Frameworks;
			sourceTree = "<group>";
		};
		7D1E90D81123E2F7005E6C75 = {
			isa = PBXGroup;
			children = (
				7DA3D1B72BCE0884007E2FD6 /* orthographic.vert */,
				7DA3D1B52BCE0794007E2FD6 /* initial.jpg */,
				7D7EF21227CE47DF0093461E /* calib_config.json */,
				7DD33CCB246A757600E99D6A /* calib.cpp */,
				7DF9CC4420047E4E009E3F96 /* main.cpp */,
				7DA3D1AD2BCE0553007E2FD6 /* GgApp.cpp */,
				7D779F232678BFDE0001FF6B /* GgApp.h */,
				7DA3D1A42BCE04FC007E2FD6 /* Buffer.cpp */,
				7DA3D1A32BCE04FC007E2FD6 /* Buffer.h */,
				7D9EB31527D06515007F6D89 /* Texture.cpp */,
				7D9EB30F27D06515007F6D89 /* Texture.h */,
				7DF454B327EA9797005361A7 /* Framebuffer.cpp */,
				7DF454B227EA9797005361A7 /* Framebuffer.h */,
				7DA3D1A62BCE051D007E2FD6 /* Capture.cpp */,
				7DA3D1A92BCE051D007E2FD6 /* Capture.h */,
				7DA3D1AA2BCE051E007E2FD6 /* Calibration.cpp */,
				7DA3D1A72BCE051D007E2FD6 /* Calibration.h */,
				7D7EF20B27CE47DE0093461E /* Menu.cpp */,
				7D7EF20C27CE47DE0093461E /* Menu.h */,
				7D7EF20A27CE47DE0093461E /* Config.cpp */,
				7D7EF20E27CE47DE0093461E /* Config.h */,
				7DA3D1B32BCE0667007E2FD6 /* Preference.cpp */,
				7D7EF20F27CE47DE0093461E /* Preference.h */,
				7DA3D1B02BCE0640007E2FD6 /* Intrinsics.cpp */,
				7DA3D1AF2BCE0640007E2FD6 /* Intrinsics.h */,
				7DCF82C628756A2B00E5C152 /* Expand.cpp */,
				7DCF82C428756A2B00E5C152 /* Expand.h */,
				7DA3D1B22BCE0667007E2FD6 /* parseconfig.h */,
				7D91351327C0B50600396778 /* Camera.h */,
				7DA3D1A82BCE051D007E2FD6 /* CamImage.h */,
				7D91351227C0B50600396778 /* CamCv.h */,
				7D7EF21127CE47DF0093461E /* Mesh.h */,
				7D24C83714F8F3A700C23BB6 /* gg.h */,
				7D24C83614F8F3A700C23BB6 /* gg.cpp */,
				7D91350927C0AA6E00396778 /* Shaders */,
				7D91350827C0AA2000396778 /* ImGui */,
				7D0F506027C248FF00AC6C8B /* Frameworks */,
				7D1E90EF1123E36C005E6C75 /* Products */,
				7D1E90F11123E36C005E6C75 /* Info.plist */,
				7D27311A23EEE29600438307 /* gg.icns */,
				7D9EB31427D06515007F6D89 /* sky.jpg */,
				7D9EB32C27D06572007F6D89 /* castle.jpg */,
				7DDF928D28D2115A0045936C /* axis.obj */,
				7DDF928E28D2115A0045936C /* axis.mtl */,
				7DDF928928D2115A0045936C /* bunny.obj */,
				7DDF928B28D2115A0045936C /* bunny.mtl */,
				7D9EB31E27D06547007F6D89 /* README.md */,
			);
			sourceTree = "<group>";
		};
		7D1E90EF1123E36C005E6C75 /* Products */ = {
			isa = PBXGroup;
			children = (
				7D1E90EE1123E36C005E6C75 /* calib.app */,
			);
			name = Products;
			sourceTree = "<group>";
		};
		7D91350827C0AA2000396778 /* ImGui */ = {
			isa = PBXGroup;
			children = (
				7D91358F27C0CDFA00396778 /* imgui.cpp */,
				7D91358B27C0CDFA00396778 /* imgui_draw.cpp */,
				7D91358727C0CDFA00396778 /* imgui_widgets.cpp */,
				7D91358A27C0CDFA00396778 /* imgui_tables.cpp */,
				7D91359327C0CDFA00396778 /* imgui_impl_glfw.cpp */,
				7D91358827C0CDFA00396778 /* imgui_impl_opengl3.cpp */,
				7D91358D27C0CDFA00396778 /* nfd_cocoa.m */,
				7D1584DA27C140BB00CCF5DB /* Mplus1-Regular.ttf */,
			);
			name = ImGui;
			sourceTree = "<group>";
		};
		7D91350927C0AA6E00396778 /* Shaders */ = {
			isa = PBXGroup;
			children = (
				7D9EB32427D06563007F6D89 /* equidistance.vert */,
				7D9EB32527D06563007F6D89 /* equidistance_up.vert */,
				7D9EB30E27D06515007F6D89 /* stereographic.vert */,
				7D9EB31027D06515007F6D89 /* stereographic_up.vert */,
				7D9EB31F27D06547007F6D89 /* normal.frag */,
				7D9EB32327D06563007F6D89 /* equirectangular.vert */,
				7D9EB32627D06563007F6D89 /* equirectangular.frag */,
				7D9EB31127D06515007F6D89 /* theta.vert */,
				7D9EB31227D06515007F6D89 /* theta.frag */,
			);
			name = Shaders;
			sourceTree = "<group>";
		};
/* End PBXGroup section */

/* Begin PBXNativeTarget section */
		7D1E90ED1123E36C005E6C75 /* calib */ = {
			isa = PBXNativeTarget;
			buildConfigurationList = 7D1E90F41123E36D005E6C75 /* Build configuration list for PBXNativeTarget "calib" */;
			buildPhases = (
				7D1E90EA1123E36C005E6C75 /* Resources */,
				7D1E90EB1123E36C005E6C75 /* Sources */,
				7D1E90EC1123E36C005E6C75 /* Frameworks */,
			);
			buildRules = (
			);
			dependencies = (
			);
			name = calib;
			productName = calib;
			productReference = 7D1E90EE1123E36C005E6C75 /* calib.app */;
			productType = "com.apple.product-type.application";
		};
/* End PBXNativeTarget section */

/* Begin PBXProject section */
		7D1E90DA1123E2F7005E6C75 /* Project object */ = {
			isa = PBXProject;
			attributes = {
				BuildIndependentTargetsInParallel = YES;
				LastUpgradeCheck = 1530;
			};
			buildConfigurationList = 7D1E90DD1123E2F7005E6C75 /* Build configuration list for PBXProject "calib" */;
			compatibilityVersion = "Xcode 3.2";
			developmentRegion = en;
			hasScannedForEncodings = 0;
			knownRegions = (
				de,
				ja,
				Base,
				en,
				fr,
			);
			mainGroup = 7D1E90D81123E2F7005E6C75;
			productRefGroup = 7D1E90EF1123E36C005E6C75 /* Products */;
			projectDirPath = "";
			projectRoot = "";
			targets = (
				7D1E90ED1123E36C005E6C75 /* calib */,
			);
		};
/* End PBXProject section */

/* Begin PBXResourcesBuildPhase section */
		7D1E90EA1123E36C005E6C75 /* Resources */ = {
			isa = PBXResourcesBuildPhase;
			buildActionMask = 2147483647;
			files = (
				7D7EF21527CE47DF0093461E /* calib_config.json in Resources */,
				7DA3D1B82BCE0884007E2FD6 /* orthographic.vert in Resources */,
				7D9EB32927D06564007F6D89 /* equidistance.vert in Resources */,
				7D9EB32A27D06564007F6D89 /* equidistance_up.vert in Resources */,
				7D9EB31627D06515007F6D89 /* stereographic.vert in Resources */,
				7D9EB31727D06515007F6D89 /* stereographic_up.vert in Resources */,
				7D9EB32127D06547007F6D89 /* normal.frag in Resources */,
				7D9EB32827D06564007F6D89 /* equirectangular.vert in Resources */,
				7D9EB32B27D06564007F6D89 /* equirectangular.frag in Resources */,
				7D9EB31827D06515007F6D89 /* theta.vert in Resources */,
				7D9EB31927D06515007F6D89 /* theta.frag in Resources */,
				7DA3D1B62BCE0794007E2FD6 /* initial.jpg in Resources */,
				7D9EB32D27D06572007F6D89 /* castle.jpg in Resources */,
				7D9EB31B27D06515007F6D89 /* sky.jpg in Resources */,
				7D27311B23EEE29600438307 /* gg.icns in Resources */,
				7D1584DB27C140BB00CCF5DB /* Mplus1-Regular.ttf in Resources */,
				7DDF929328D2115A0045936C /* axis.obj in Resources */,
				7DDF929428D2115A0045936C /* axis.mtl in Resources */,
				7DDF928F28D2115A0045936C /* bunny.obj in Resources */,
				7DDF929128D2115A0045936C /* bunny.mtl in Resources */,
			);
			runOnlyForDeploymentPostprocessing = 0;
		};
/* End PBXResourcesBuildPhase section */

/* Begin PBXSourcesBuildPhase section */
		7D1E90EB1123E36C005E6C75 /* Sources */ = {
			isa = PBXSourcesBuildPhase;
			buildActionMask = 2147483647;
			files = (
				7D9EB31C27D06515007F6D89 /* Texture.cpp in Sources */,
				7DD33CCC246A757600E99D6A /* calib.cpp in Sources */,
				7D91359A27C0CDFB00396778 /* imgui_widgets.cpp in Sources */,
				7DA3D1B42BCE0667007E2FD6 /* Preference.cpp in Sources */,
				7D91359D27C0CDFB00396778 /* imgui_draw.cpp in Sources */,
				7DA3D1AC2BCE051E007E2FD6 /* Calibration.cpp in Sources */,
				7D91359B27C0CDFB00396778 /* imgui_impl_opengl3.cpp in Sources */,
				7D91359F27C0CDFB00396778 /* imgui.cpp in Sources */,
				7DF454B427EA9797005361A7 /* Framebuffer.cpp in Sources */,
				7DA3D1AE2BCE0553007E2FD6 /* GgApp.cpp in Sources */,
				7DF9CC4520047E4E009E3F96 /* main.cpp in Sources */,
				7D7EF21427CE47DF0093461E /* Menu.cpp in Sources */,
				7D91359C27C0CDFB00396778 /* imgui_tables.cpp in Sources */,
				7DCF82CA28756A2B00E5C152 /* Expand.cpp in Sources */,
				7DA3D1AB2BCE051E007E2FD6 /* Capture.cpp in Sources */,
				7DA3D1A52BCE04FC007E2FD6 /* Buffer.cpp in Sources */,
				7D91359E27C0CDFB00396778 /* nfd_cocoa.m in Sources */,
				7D7EF21327CE47DF0093461E /* Config.cpp in Sources */,
				7DA3D1B12BCE0640007E2FD6 /* Intrinsics.cpp in Sources */,
				7D24C83814F8F3A700C23BB6 /* gg.cpp in Sources */,
				7D9135A027C0CDFB00396778 /* imgui_impl_glfw.cpp in Sources */,
			);
			runOnlyForDeploymentPostprocessing = 0;
		};
/* End PBXSourcesBuildPhase section */

/* Begin XCBuildConfiguration section */
		7D1E90DB1123E2F7005E6C75 /* Debug */ = {
			isa = XCBuildConfiguration;
			buildSettings = {
				CLANG_ANALYZER_LOCALIZABILITY_NONLOCALIZED = YES;
				CLANG_WARN_BLOCK_CAPTURE_AUTORELEASING = YES;
				CLANG_WARN_BOOL_CONVERSION = YES;
				CLANG_WARN_COMMA = YES;
				CLANG_WARN_CONSTANT_CONVERSION = YES;
				CLANG_WARN_DEPRECATED_OBJC_IMPLEMENTATIONS = YES;
				CLANG_WARN_EMPTY_BODY = YES;
				CLANG_WARN_ENUM_CONVERSION = YES;
				CLANG_WARN_INFINITE_RECURSION = YES;
				CLANG_WARN_INT_CONVERSION = YES;
				CLANG_WARN_NON_LITERAL_NULL_CONVERSION = YES;
				CLANG_WARN_OBJC_IMPLICIT_RETAIN_SELF = YES;
				CLANG_WARN_OBJC_LITERAL_CONVERSION = YES;
				CLANG_WARN_QUOTED_INCLUDE_IN_FRAMEWORK_HEADER = YES;
				CLANG_WARN_RANGE_LOOP_ANALYSIS = YES;
				CLANG_WARN_STRICT_PROTOTYPES = YES;
				CLANG_WARN_SUSPICIOUS_MOVE = YES;
				CLANG_WARN_UNREACHABLE_CODE = YES;
				CLANG_WARN__DUPLICATE_METHOD_MATCH = YES;
				COPY_PHASE_STRIP = NO;
				DEAD_CODE_STRIPPING = YES;
				ENABLE_STRICT_OBJC_MSGSEND = YES;
				ENABLE_TESTABILITY = YES;
				ENABLE_USER_SCRIPT_SANDBOXING = YES;
				GCC_NO_COMMON_BLOCKS = YES;
				GCC_WARN_64_TO_32_BIT_CONVERSION = YES;
				GCC_WARN_ABOUT_RETURN_TYPE = YES;
				GCC_WARN_UNDECLARED_SELECTOR = YES;
				GCC_WARN_UNINITIALIZED_AUTOS = YES;
				GCC_WARN_UNUSED_FUNCTION = YES;
				GCC_WARN_UNUSED_VARIABLE = YES;
				MACOSX_DEPLOYMENT_TARGET = 10.12;
				ONLY_ACTIVE_ARCH = YES;
			};
			name = Debug;
		};
		7D1E90DC1123E2F7005E6C75 /* Release */ = {
			isa = XCBuildConfiguration;
			buildSettings = {
				CLANG_ANALYZER_LOCALIZABILITY_NONLOCALIZED = YES;
				CLANG_WARN_BLOCK_CAPTURE_AUTORELEASING = YES;
				CLANG_WARN_BOOL_CONVERSION = YES;
				CLANG_WARN_COMMA = YES;
				CLANG_WARN_CONSTANT_CONVERSION = YES;
				CLANG_WARN_DEPRECATED_OBJC_IMPLEMENTATIONS = YES;
				CLANG_WARN_EMPTY_BODY = YES;
				CLANG_WARN_ENUM_CONVERSION = YES;
				CLANG_WARN_INFINITE_RECURSION = YES;
				CLANG_WARN_INT_CONVERSION = YES;
				CLANG_WARN_NON_LITERAL_NULL_CONVERSION = YES;
				CLANG_WARN_OBJC_IMPLICIT_RETAIN_SELF = YES;
				CLANG_WARN_OBJC_LITERAL_CONVERSION = YES;
				CLANG_WARN_QUOTED_INCLUDE_IN_FRAMEWORK_HEADER = YES;
				CLANG_WARN_RANGE_LOOP_ANALYSIS = YES;
				CLANG_WARN_STRICT_PROTOTYPES = YES;
				CLANG_WARN_SUSPICIOUS_MOVE = YES;
				CLANG_WARN_UNREACHABLE_CODE = YES;
				CLANG_WARN__DUPLICATE_METHOD_MATCH = YES;
				COPY_PHASE_STRIP = YES;
				DEAD_CODE_STRIPPING = YES;
				ENABLE_STRICT_OBJC_MSGSEND = YES;
				ENABLE_USER_SCRIPT_SANDBOXING = YES;
				GCC_NO_COMMON_BLOCKS = YES;
				GCC_WARN_64_TO_32_BIT_CONVERSION = YES;
				GCC_WARN_ABOUT_RETURN_TYPE = YES;
				GCC_WARN_UNDECLARED_SELECTOR = YES;
				GCC_WARN_UNINITIALIZED_AUTOS = YES;
				GCC_WARN_UNUSED_FUNCTION = YES;
				GCC_WARN_UNUSED_VARIABLE = YES;
				MACOSX_DEPLOYMENT_TARGET = 10.12;
			};
			name = Release;
		};
		7D1E90F21123E36D005E6C75 /* Debug */ = {
			isa = XCBuildConfiguration;
			buildSettings = {
				ALWAYS_SEARCH_USER_PATHS = NO;
				CLANG_CXX_LANGUAGE_STANDARD = "c++17";
				CLANG_CXX_LIBRARY = "libc++";
				CLANG_ENABLE_OBJC_WEAK = YES;
				CODE_SIGN_IDENTITY = "-";
				COMBINE_HIDPI_IMAGES = YES;
				COPY_PHASE_STRIP = NO;
				DEAD_CODE_STRIPPING = YES;
				"DEVELOPMENT_TEAM[sdk=macosx*]" = T98UR7H9EJ;
				GCC_DYNAMIC_NO_PIC = NO;
				GCC_MODEL_TUNING = G5;
				GCC_OPTIMIZATION_LEVEL = 0;
				GCC_PRECOMPILE_PREFIX_HEADER = YES;
				GCC_PREFIX_HEADER = "";
				GCC_PREPROCESSOR_DEFINITIONS = "PROJECT_NAME=\\\"$PROJECT_NAME\\\"";
				HEADER_SEARCH_PATHS = (
					libs/mac/include,
					libs/include,
					libs/ImGui,
				);
				INFOPLIST_FILE = Info.plist;
				INFOPLIST_KEY_CFBundleDisplayName = CaLiB;
				INFOPLIST_KEY_LSApplicationCategoryType = "public.app-category.utilities";
				INSTALL_PATH = "$(HOME)/Applications";
				LD_RUNPATH_SEARCH_PATHS = (
					"$(LD_RUNPATH_SEARCH_PATHS_$(IS_MACCATALYST))",
					"$(PROJECT_DIR)/libs/mac/lib",
					"@executable_path/../Resources/",
				);
				LIBRARY_SEARCH_PATHS = (
					libs/mac/lib,
					"$(PROJECT_DIR)/libs/mac/lib",
				);
				MACOSX_DEPLOYMENT_TARGET = 11.0;
				ONLY_ACTIVE_ARCH = NO;
				OTHER_LDFLAGS = "";
				PRODUCT_BUNDLE_IDENTIFIER = "com.yourcompany.${PRODUCT_NAME:identifier}";
				PRODUCT_NAME = calib;
				"PROVISIONING_PROFILE_SPECIFIER[sdk=macosx*]" = "";
				SDKROOT = macosx;
			};
			name = Debug;
		};
		7D1E90F31123E36D005E6C75 /* Release */ = {
			isa = XCBuildConfiguration;
			buildSettings = {
				ALWAYS_SEARCH_USER_PATHS = NO;
				CLANG_CXX_LANGUAGE_STANDARD = "c++17";
				CLANG_CXX_LIBRARY = "libc++";
				CLANG_ENABLE_OBJC_WEAK = YES;
				CODE_SIGN_IDENTITY = "-";
				COMBINE_HIDPI_IMAGES = YES;
				COPY_PHASE_STRIP = YES;
				DEAD_CODE_STRIPPING = YES;
				DEBUG_INFORMATION_FORMAT = "dwarf-with-dsym";
				"DEVELOPMENT_TEAM[sdk=macosx*]" = T98UR7H9EJ;
				GCC_MODEL_TUNING = G5;
				GCC_PRECOMPILE_PREFIX_HEADER = YES;
				GCC_PREFIX_HEADER = "";
				GCC_PREPROCESSOR_DEFINITIONS = "PROJECT_NAME=\\\"$PROJECT_NAME\\\"";
				HEADER_SEARCH_PATHS = (
					libs/mac/include,
					libs/include,
					libs/ImGui,
				);
				INFOPLIST_FILE = Info.plist;
				INFOPLIST_KEY_CFBundleDisplayName = CaLiB;
				INFOPLIST_KEY_LSApplicationCategoryType = "public.app-category.utilities";
				INSTALL_PATH = "$(HOME)/Applications";
				LD_RUNPATH_SEARCH_PATHS = (
					"$(LD_RUNPATH_SEARCH_PATHS_$(IS_MACCATALYST))",
					"$(PROJECT_DIR)/libs/mac/lib",
					"@executable_path/../Resources/",
				);
				LIBRARY_SEARCH_PATHS = (
					libs/mac/lib,
					"$(PROJECT_DIR)/libs/mac/lib",
				);
				MACOSX_DEPLOYMENT_TARGET = 11.0;
				OTHER_LDFLAGS = "";
				PRODUCT_BUNDLE_IDENTIFIER = "com.yourcompany.${PRODUCT_NAME:identifier}";
				PRODUCT_NAME = calib;
				"PROVISIONING_PROFILE_SPECIFIER[sdk=macosx*]" = "";
				SDKROOT = macosx;
				ZERO_LINK = NO;
			};
			name = Release;
		};
/* End XCBuildConfiguration section */

/* Begin XCConfigurationList section */
		7D1E90DD1123E2F7005E6C75 /* Build configuration list for PBXProject "calib" */ = {
			isa = XCConfigurationList;
			buildConfigurations = (
				7D1E90DB1123E2F7005E6C75 /* Debug */,
				7D1E90DC1123E2F7005E6C75 /* Release */,
			);
			defaultConfigurationIsVisible = 0;
			defaultConfigurationName = Release;
		};
		7D1E90F41123E36D005E6C75 /* Build configuration list for PBXNativeTarget "calib" */ = {
			isa = XCConfigurationList;
			buildConfigurations = (
				7D1E90F21123E36D005E6C75 /* Debug */,
				7D1E90F31123E36D005E6C75 /* Release */,
			);
			defaultConfigurationIsVisible = 0;
			defaultConfigurationName = Release;
		};
/* End XCConfigurationList section */
	};
	rootObject = 7D1E90DA1123E2F7005E6C75 /* Project object */;
}
